
Microsoft Visual Studio Solution File, Format Version 12.00
# Visual Studio Version 16
VisualStudioVersion = 16.0.30517.126
MinimumVisualStudioVersion = 10.0.40219.1
Project("{9A19103F-16F7-4668-BE54-9A1E7A4F7556}") = "TranslationWPF", "Translation\TranslationWPF.csproj", "{025BD503-25C9-4B9E-8F79-DB5622B54D4E}"
EndProject
Project("{9A19103F-16F7-4668-BE54-9A1E7A4F7556}") = "LanguageLibrary", "..\NuGetLibrary\LanguageLibrary\LanguageLibrary.csproj", "{064DE8D1-67E2-4832-92E3-017BA19C3BB6}"
EndProject
Global
	GlobalSection(SolutionConfigurationPlatforms) = preSolution
		Debug|Any CPU = Debug|Any CPU
		Release|Any CPU = Release|Any CPU
	EndGlobalSection
	GlobalSection(ProjectConfigurationPlatforms) = postSolution
		{025BD503-25C9-4B9E-8F79-DB5622B54D4E}.Debug|Any CPU.ActiveCfg = Debug|Any CPU
		{025BD503-25C9-4B9E-8F79-DB5622B54D4E}.Debug|Any CPU.Build.0 = Debug|Any CPU
		{025BD503-25C9-4B9E-8F79-DB5622B54D4E}.Release|Any CPU.ActiveCfg = Release|Any CPU
		{025BD503-25C9-4B9E-8F79-DB5622B54D4E}.Release|Any CPU.Build.0 = Release|Any CPU
		{064DE8D1-67E2-4832-92E3-017BA19C3BB6}.Debug|Any CPU.ActiveCfg = Debug|Any CPU
		{064DE8D1-67E2-4832-92E3-017BA19C3BB6}.Debug|Any CPU.Build.0 = Debug|Any CPU
		{064DE8D1-67E2-4832-92E3-017BA19C3BB6}.Release|Any CPU.ActiveCfg = Release|Any CPU
		{064DE8D1-67E2-4832-92E3-017BA19C3BB6}.Release|Any CPU.Build.0 = Release|Any CPU
	EndGlobalSection
	GlobalSection(SolutionProperties) = preSolution
		HideSolutionNode = FALSE
	EndGlobalSection
	GlobalSection(ExtensibilityGlobals) = postSolution
		SolutionGuid = {41234C14-A6A9-4C38-8E29-701A465B7674}
	EndGlobalSection
EndGlobal
